// !$*UTF8*$!
{
	archiveVersion = 1;
	classes = {
	};
	objectVersion = 55;
	objects = {

/* Begin PBXBuildFile section */
		0A916ED37C5D31BCE3FCB446 /* Pods_Rino.framework in Frameworks */ = {isa = PBXBuildFile; fileRef = 3F1EF4B10D705DFD8DFDA57C /* Pods_Rino.framework */; };
		63158F712A24A2FD00C2501E /* Network.framework in Frameworks */ = {isa = PBXBuildFile; fileRef = 63158F702A24A2FD00C2501E /* Network.framework */; };
		632AEB7C28AA3F05006E66A0 /* AppDelegate.m in Sources */ = {isa = PBXBuildFile; fileRef = 632AEB7B28AA3F05006E66A0 /* AppDelegate.m */; };
		632AEB8528AA3F05006E66A0 /* Main.storyboard in Resources */ = {isa = PBXBuildFile; fileRef = 632AEB8328AA3F05006E66A0 /* Main.storyboard */; };
		632AEB8728AA3F07006E66A0 /* Assets.xcassets in Resources */ = {isa = PBXBuildFile; fileRef = 632AEB8628AA3F07006E66A0 /* Assets.xcassets */; };
		632AEB8A28AA3F07006E66A0 /* LaunchScreen.storyboard in Resources */ = {isa = PBXBuildFile; fileRef = 632AEB8828AA3F07006E66A0 /* LaunchScreen.storyboard */; };
		632AEB8D28AA3F07006E66A0 /* main.m in Sources */ = {isa = PBXBuildFile; fileRef = 632AEB8C28AA3F07006E66A0 /* main.m */; };
		633355A82A6E5C7000659B61 /* Matter.framework in Frameworks */ = {isa = PBXBuildFile; fileRef = 633355A72A6E5C7000659B61 /* Matter.framework */; settings = {ATTRIBUTES = (Weak, ); }; };
		633355AA2A6E5C7600659B61 /* MatterSupport.framework in Frameworks */ = {isa = PBXBuildFile; fileRef = 633355A92A6E5C7500659B61 /* MatterSupport.framework */; settings = {ATTRIBUTES = (Weak, ); }; };
		636B58482A5D3CF3007151FE /* rino_oem_config.json in Resources */ = {isa = PBXBuildFile; fileRef = 636B58472A5D3CF3007151FE /* rino_oem_config.json */; };
		6377AF1528C870D70043B5E0 /* SystemConfiguration.framework in Frameworks */ = {isa = PBXBuildFile; fileRef = 6377AF1428C870D70043B5E0 /* SystemConfiguration.framework */; };
		6377AF1728C870DD0043B5E0 /* Security.framework in Frameworks */ = {isa = PBXBuildFile; fileRef = 6377AF1628C870DD0043B5E0 /* Security.framework */; };
		6377AF1A28C871000043B5E0 /* libz.tbd in Frameworks */ = {isa = PBXBuildFile; fileRef = 6377AF1828C870ED0043B5E0 /* libz.tbd */; };
		6377AF1B28C8710B0043B5E0 /* libc++.tbd in Frameworks */ = {isa = PBXBuildFile; fileRef = 6377AF1928C870F60043B5E0 /* libc++.tbd */; };
		6378A2DD2A85E8EA00CFD6ED /* RinoPairPanel.zip in Resources */ = {isa = PBXBuildFile; fileRef = 6378A2DC2A85E8EA00CFD6ED /* RinoPairPanel.zip */; };
		63854A782A611B5F00829CF7 /* launchImage@3x.png in Resources */ = {isa = PBXBuildFile; fileRef = 63854A762A611B5F00829CF7 /* launchImage@3x.png */; };
		63854A792A611B5F00829CF7 /* launchImage@2x.png in Resources */ = {isa = PBXBuildFile; fileRef = 63854A772A611B5F00829CF7 /* launchImage@2x.png */; };
		63B04E3A29BF2AD500C84732 /* MetricKit.framework in Frameworks */ = {isa = PBXBuildFile; fileRef = 63B04E3929BF2AD500C84732 /* MetricKit.framework */; };
		63B07EB829069794002D4B2A /* Localizable.strings in Resources */ = {isa = PBXBuildFile; fileRef = 63B07EBA29069794002D4B2A /* Localizable.strings */; };
		63B07EBB2906979D002D4B2A /* InfoPlist.strings in Resources */ = {isa = PBXBuildFile; fileRef = 63B07EBD2906979D002D4B2A /* InfoPlist.strings */; };
		63C33C912A331AE90065D2EA /* rino_custom_config.json in Resources */ = {isa = PBXBuildFile; fileRef = 63C33C902A331AE90065D2EA /* rino_custom_config.json */; };
		63D766DF2A8C7D1E0033CB3F /* NetworkExtension.framework in Frameworks */ = {isa = PBXBuildFile; fileRef = 63D766DE2A8C7D1D0033CB3F /* NetworkExtension.framework */; };
		63D98EDF2934A86600A91F41 /* CoreGraphics.framework in Frameworks */ = {isa = PBXBuildFile; fileRef = 63D98EDE2934A86600A91F41 /* CoreGraphics.framework */; };
		63D98EE32934A87700A91F41 /* UIKit.framework in Frameworks */ = {isa = PBXBuildFile; fileRef = 63D98EE22934A87700A91F41 /* UIKit.framework */; };
		63D98EE52934A87F00A91F41 /* Foundation.framework in Frameworks */ = {isa = PBXBuildFile; fileRef = 63D98EE42934A87F00A91F41 /* Foundation.framework */; };
		63FF2FA72A4E7EAE00719594 /* hermes.xcframework in Frameworks */ = {isa = PBXBuildFile; fileRef = 638E07F72A4E7AE90045A51F /* hermes.xcframework */; };
		952E78712C6D9FC20061C67F /* RinoOperationPanel.zip in Resources */ = {isa = PBXBuildFile; fileRef = 952E78702C6D9FC10061C67F /* RinoOperationPanel.zip */; };
		95BBCCA72DBE196A00354BA0 /* RinoLaunchMenuProtocolManager.m in Sources */ = {isa = PBXBuildFile; fileRef = 95BBCCA62DBE196A00354BA0 /* RinoLaunchMenuProtocolManager.m */; };
		95BFD8A72C00737D00D3EA29 /* RinoDeviceIpcViewController.m in Sources */ = {isa = PBXBuildFile; fileRef = 95BFD8A62C00737D00D3EA29 /* RinoDeviceIpcViewController.m */; };
		95BFD8AA2C00739000D3EA29 /* RinoDeviceIpcMutiViewController.m in Sources */ = {isa = PBXBuildFile; fileRef = 95BFD8A92C00739000D3EA29 /* RinoDeviceIpcMutiViewController.m */; };
		95CA1D8F2DB891A000D05C4D /* CoreAudio.framework in Frameworks */ = {isa = PBXBuildFile; fileRef = 95CA1D8E2DB891A000D05C4D /* CoreAudio.framework */; };
		95CA1D912DB891A900D05C4D /* CoreAudioKit.framework in Frameworks */ = {isa = PBXBuildFile; fileRef = 95CA1D902DB891A900D05C4D /* CoreAudioKit.framework */; };
		95F28AB82DE4068200E418FB /* RinoAMRPlayer.m in Sources */ = {isa = PBXBuildFile; fileRef = 95F28AB72DE4068200E418FB /* RinoAMRPlayer.m */; };
		BF3AA3312B2957250033E33E /* RinoDemoCountryListController.m in Sources */ = {isa = PBXBuildFile; fileRef = BF3AA3302B2957250033E33E /* RinoDemoCountryListController.m */; };
		BF3AA3342B2957530033E33E /* RinoDemoRegisterController.m in Sources */ = {isa = PBXBuildFile; fileRef = BF3AA3332B2957530033E33E /* RinoDemoRegisterController.m */; };
		BF3AA3372B2999E80033E33E /* RinoDemoFamilyListController.m in Sources */ = {isa = PBXBuildFile; fileRef = BF3AA3362B2999E80033E33E /* RinoDemoFamilyListController.m */; };
		BF3AA33D2B29AD880033E33E /* RinoDemoDeviceListController.m in Sources */ = {isa = PBXBuildFile; fileRef = BF3AA33C2B29AD880033E33E /* RinoDemoDeviceListController.m */; };
		BF3AABAE2B29B9C90033E33E /* RinoDemoSceneListController.m in Sources */ = {isa = PBXBuildFile; fileRef = BF3AABAD2B29B9C90033E33E /* RinoDemoSceneListController.m */; };
		BFA523672B28924C00427128 /* RinoHomeTestViewController.m in Sources */ = {isa = PBXBuildFile; fileRef = BFA523662B28924B00427128 /* RinoHomeTestViewController.m */; };
		BFCD12F02B28042800EA7839 /* RinoDemoLoginController.m in Sources */ = {isa = PBXBuildFile; fileRef = BFCD12EF2B28042800EA7839 /* RinoDemoLoginController.m */; };
/* End PBXBuildFile section */

/* Begin PBXCopyFilesBuildPhase section */
		63C65FED2B0F025200189B04 /* Embed Foundation Extensions */ = {
			isa = PBXCopyFilesBuildPhase;
			buildActionMask = 2147483647;
			dstPath = "";
			dstSubfolderSpec = 13;
			files = (
			);
			name = "Embed Foundation Extensions";
			runOnlyForDeploymentPostprocessing = 0;
		};
/* End PBXCopyFilesBuildPhase section */

/* Begin PBXFileReference section */
		005FB2402117904A333D39FD /* Pods-RinoMatterExtension.release.xcconfig */ = {isa = PBXFileReference; includeInIndex = 1; lastKnownFileType = text.xcconfig; name = "Pods-RinoMatterExtension.release.xcconfig"; path = "Target Support Files/Pods-RinoMatterExtension/Pods-RinoMatterExtension.release.xcconfig"; sourceTree = "<group>"; };
		3F1EF4B10D705DFD8DFDA57C /* Pods_Rino.framework */ = {isa = PBXFileReference; explicitFileType = wrapper.framework; includeInIndex = 0; path = Pods_Rino.framework; sourceTree = BUILT_PRODUCTS_DIR; };
		4FEE9EDD4AC5B59FE8331ED9 /* Pods-RinoMatterExtension.debug.xcconfig */ = {isa = PBXFileReference; includeInIndex = 1; lastKnownFileType = text.xcconfig; name = "Pods-RinoMatterExtension.debug.xcconfig"; path = "Target Support Files/Pods-RinoMatterExtension/Pods-RinoMatterExtension.debug.xcconfig"; sourceTree = "<group>"; };
		501E8325B4C033A3F54DB486 /* Pods_RinoMatterExtension.framework */ = {isa = PBXFileReference; explicitFileType = wrapper.framework; includeInIndex = 0; path = Pods_RinoMatterExtension.framework; sourceTree = BUILT_PRODUCTS_DIR; };
		6307ACA9293D8A8A00EDA965 /* Rino-Bridging-Header.h */ = {isa = PBXFileReference; fileEncoding = 4; lastKnownFileType = sourcecode.c.h; path = "Rino-Bridging-Header.h"; sourceTree = "<group>"; };
		63158F702A24A2FD00C2501E /* Network.framework */ = {isa = PBXFileReference; lastKnownFileType = wrapper.framework; name = Network.framework; path = System/Library/Frameworks/Network.framework; sourceTree = SDKROOT; };
		63162C7B2A68D59800E0E6E0 /* CarPlay.framework */ = {isa = PBXFileReference; lastKnownFileType = wrapper.framework; name = CarPlay.framework; path = System/Library/Frameworks/CarPlay.framework; sourceTree = SDKROOT; };
		63281E0A2A9884FB00FE44D2 /* Rino.entitlements */ = {isa = PBXFileReference; fileEncoding = 4; lastKnownFileType = text.plist.entitlements; path = Rino.entitlements; sourceTree = "<group>"; };
		632AEB7728AA3F05006E66A0 /* Rino.app */ = {isa = PBXFileReference; explicitFileType = wrapper.application; includeInIndex = 0; path = Rino.app; sourceTree = BUILT_PRODUCTS_DIR; };
		632AEB7A28AA3F05006E66A0 /* AppDelegate.h */ = {isa = PBXFileReference; lastKnownFileType = sourcecode.c.h; path = AppDelegate.h; sourceTree = "<group>"; };
		632AEB7B28AA3F05006E66A0 /* AppDelegate.m */ = {isa = PBXFileReference; lastKnownFileType = sourcecode.c.objc; path = AppDelegate.m; sourceTree = "<group>"; };
		632AEB8428AA3F05006E66A0 /* Base */ = {isa = PBXFileReference; lastKnownFileType = file.storyboard; name = Base; path = Base.lproj/Main.storyboard; sourceTree = "<group>"; };
		632AEB8628AA3F07006E66A0 /* Assets.xcassets */ = {isa = PBXFileReference; lastKnownFileType = folder.assetcatalog; path = Assets.xcassets; sourceTree = "<group>"; };
		632AEB8928AA3F07006E66A0 /* Base */ = {isa = PBXFileReference; lastKnownFileType = file.storyboard; name = Base; path = Base.lproj/LaunchScreen.storyboard; sourceTree = "<group>"; };
		632AEB8B28AA3F07006E66A0 /* Info.plist */ = {isa = PBXFileReference; lastKnownFileType = text.plist.xml; path = Info.plist; sourceTree = "<group>"; };
		632AEB8C28AA3F07006E66A0 /* main.m */ = {isa = PBXFileReference; lastKnownFileType = sourcecode.c.objc; path = main.m; sourceTree = "<group>"; };
		632AEBA728AB38C1006E66A0 /* UtilsMacros.h */ = {isa = PBXFileReference; fileEncoding = 4; lastKnownFileType = sourcecode.c.h; path = UtilsMacros.h; sourceTree = "<group>"; };
		632AEBAC28AB38D2006E66A0 /* PrefixHeader.pch */ = {isa = PBXFileReference; lastKnownFileType = sourcecode.c.h; path = PrefixHeader.pch; sourceTree = "<group>"; };
		633355A72A6E5C7000659B61 /* Matter.framework */ = {isa = PBXFileReference; lastKnownFileType = wrapper.framework; name = Matter.framework; path = System/Library/Frameworks/Matter.framework; sourceTree = SDKROOT; };
		633355A92A6E5C7500659B61 /* MatterSupport.framework */ = {isa = PBXFileReference; lastKnownFileType = wrapper.framework; name = MatterSupport.framework; path = System/Library/Frameworks/MatterSupport.framework; sourceTree = SDKROOT; };
		636B58472A5D3CF3007151FE /* rino_oem_config.json */ = {isa = PBXFileReference; fileEncoding = 4; lastKnownFileType = text.json; path = rino_oem_config.json; sourceTree = "<group>"; };
		6377AF1428C870D70043B5E0 /* SystemConfiguration.framework */ = {isa = PBXFileReference; lastKnownFileType = wrapper.framework; name = SystemConfiguration.framework; path = System/Library/Frameworks/SystemConfiguration.framework; sourceTree = SDKROOT; };
		6377AF1628C870DD0043B5E0 /* Security.framework */ = {isa = PBXFileReference; lastKnownFileType = wrapper.framework; name = Security.framework; path = System/Library/Frameworks/Security.framework; sourceTree = SDKROOT; };
		6377AF1828C870ED0043B5E0 /* libz.tbd */ = {isa = PBXFileReference; lastKnownFileType = "sourcecode.text-based-dylib-definition"; name = libz.tbd; path = usr/lib/libz.tbd; sourceTree = SDKROOT; };
		6377AF1928C870F60043B5E0 /* libc++.tbd */ = {isa = PBXFileReference; lastKnownFileType = "sourcecode.text-based-dylib-definition"; name = "libc++.tbd"; path = "usr/lib/libc++.tbd"; sourceTree = SDKROOT; };
		6378A2DC2A85E8EA00CFD6ED /* RinoPairPanel.zip */ = {isa = PBXFileReference; lastKnownFileType = archive.zip; path = RinoPairPanel.zip; sourceTree = "<group>"; };
		63854A762A611B5F00829CF7 /* launchImage@3x.png */ = {isa = PBXFileReference; lastKnownFileType = image.png; path = "launchImage@3x.png"; sourceTree = "<group>"; };
		63854A772A611B5F00829CF7 /* launchImage@2x.png */ = {isa = PBXFileReference; lastKnownFileType = image.png; path = "launchImage@2x.png"; sourceTree = "<group>"; };
		638E07F72A4E7AE90045A51F /* hermes.xcframework */ = {isa = PBXFileReference; lastKnownFileType = wrapper.xcframework; name = hermes.xcframework; path = "Pods/hermes-engine/destroot/Library/Frameworks/universal/hermes.xcframework"; sourceTree = "<group>"; };
		63B04E3929BF2AD500C84732 /* MetricKit.framework */ = {isa = PBXFileReference; lastKnownFileType = wrapper.framework; name = MetricKit.framework; path = System/Library/Frameworks/MetricKit.framework; sourceTree = SDKROOT; };
		63B07EB929069794002D4B2A /* en */ = {isa = PBXFileReference; lastKnownFileType = text.plist.strings; name = en; path = en.lproj/Localizable.strings; sourceTree = "<group>"; };
		63B07EBC2906979D002D4B2A /* en */ = {isa = PBXFileReference; lastKnownFileType = text.plist.strings; name = en; path = en.lproj/InfoPlist.strings; sourceTree = "<group>"; };
		63B07EBE290697B1002D4B2A /* zh-Hans */ = {isa = PBXFileReference; lastKnownFileType = text.plist.strings; name = "zh-Hans"; path = "zh-Hans.lproj/Localizable.strings"; sourceTree = "<group>"; };
		63B07EBF290697B1002D4B2A /* zh-Hans */ = {isa = PBXFileReference; lastKnownFileType = text.plist.strings; name = "zh-Hans"; path = "zh-Hans.lproj/InfoPlist.strings"; sourceTree = "<group>"; };
		63C33C902A331AE90065D2EA /* rino_custom_config.json */ = {isa = PBXFileReference; fileEncoding = 4; lastKnownFileType = text.json; path = rino_custom_config.json; sourceTree = "<group>"; };
		63D766DE2A8C7D1D0033CB3F /* NetworkExtension.framework */ = {isa = PBXFileReference; lastKnownFileType = wrapper.framework; name = NetworkExtension.framework; path = System/Library/Frameworks/NetworkExtension.framework; sourceTree = SDKROOT; };
		63D98EDE2934A86600A91F41 /* CoreGraphics.framework */ = {isa = PBXFileReference; lastKnownFileType = wrapper.framework; name = CoreGraphics.framework; path = System/Library/Frameworks/CoreGraphics.framework; sourceTree = SDKROOT; };
		63D98EE02934A86C00A91F41 /* SafariServices.framework */ = {isa = PBXFileReference; lastKnownFileType = wrapper.framework; name = SafariServices.framework; path = System/Library/Frameworks/SafariServices.framework; sourceTree = SDKROOT; };
		63D98EE22934A87700A91F41 /* UIKit.framework */ = {isa = PBXFileReference; lastKnownFileType = wrapper.framework; name = UIKit.framework; path = System/Library/Frameworks/UIKit.framework; sourceTree = SDKROOT; };
		63D98EE42934A87F00A91F41 /* Foundation.framework */ = {isa = PBXFileReference; lastKnownFileType = wrapper.framework; name = Foundation.framework; path = System/Library/Frameworks/Foundation.framework; sourceTree = SDKROOT; };
		952E78702C6D9FC10061C67F /* RinoOperationPanel.zip */ = {isa = PBXFileReference; lastKnownFileType = archive.zip; path = RinoOperationPanel.zip; sourceTree = "<group>"; };
		95BBCCA52DBE196A00354BA0 /* RinoLaunchMenuProtocolManager.h */ = {isa = PBXFileReference; lastKnownFileType = sourcecode.c.h; path = RinoLaunchMenuProtocolManager.h; sourceTree = "<group>"; };
		95BBCCA62DBE196A00354BA0 /* RinoLaunchMenuProtocolManager.m */ = {isa = PBXFileReference; lastKnownFileType = sourcecode.c.objc; path = RinoLaunchMenuProtocolManager.m; sourceTree = "<group>"; };
		95BFD8A52C00737D00D3EA29 /* RinoDeviceIpcViewController.h */ = {isa = PBXFileReference; lastKnownFileType = sourcecode.c.h; path = RinoDeviceIpcViewController.h; sourceTree = "<group>"; };
		95BFD8A62C00737D00D3EA29 /* RinoDeviceIpcViewController.m */ = {isa = PBXFileReference; lastKnownFileType = sourcecode.c.objc; path = RinoDeviceIpcViewController.m; sourceTree = "<group>"; };
		95BFD8A82C00739000D3EA29 /* RinoDeviceIpcMutiViewController.h */ = {isa = PBXFileReference; lastKnownFileType = sourcecode.c.h; path = RinoDeviceIpcMutiViewController.h; sourceTree = "<group>"; };
		95BFD8A92C00739000D3EA29 /* RinoDeviceIpcMutiViewController.m */ = {isa = PBXFileReference; lastKnownFileType = sourcecode.c.objc; path = RinoDeviceIpcMutiViewController.m; sourceTree = "<group>"; };
		95CA1D8E2DB891A000D05C4D /* CoreAudio.framework */ = {isa = PBXFileReference; lastKnownFileType = wrapper.framework; name = CoreAudio.framework; path = System/Library/Frameworks/CoreAudio.framework; sourceTree = SDKROOT; };
		95CA1D902DB891A900D05C4D /* CoreAudioKit.framework */ = {isa = PBXFileReference; lastKnownFileType = wrapper.framework; name = CoreAudioKit.framework; path = System/Library/Frameworks/CoreAudioKit.framework; sourceTree = SDKROOT; };
		95F28AB62DE4068200E418FB /* RinoAMRPlayer.h */ = {isa = PBXFileReference; lastKnownFileType = sourcecode.c.h; path = RinoAMRPlayer.h; sourceTree = "<group>"; };
		95F28AB72DE4068200E418FB /* RinoAMRPlayer.m */ = {isa = PBXFileReference; lastKnownFileType = sourcecode.c.objc; path = RinoAMRPlayer.m; sourceTree = "<group>"; };
		BF3AA32F2B2957250033E33E /* RinoDemoCountryListController.h */ = {isa = PBXFileReference; lastKnownFileType = sourcecode.c.h; path = RinoDemoCountryListController.h; sourceTree = "<group>"; };
		BF3AA3302B2957250033E33E /* RinoDemoCountryListController.m */ = {isa = PBXFileReference; lastKnownFileType = sourcecode.c.objc; path = RinoDemoCountryListController.m; sourceTree = "<group>"; };
		BF3AA3322B2957530033E33E /* RinoDemoRegisterController.h */ = {isa = PBXFileReference; lastKnownFileType = sourcecode.c.h; path = RinoDemoRegisterController.h; sourceTree = "<group>"; };
		BF3AA3332B2957530033E33E /* RinoDemoRegisterController.m */ = {isa = PBXFileReference; lastKnownFileType = sourcecode.c.objc; path = RinoDemoRegisterController.m; sourceTree = "<group>"; };
		BF3AA3352B2999E80033E33E /* RinoDemoFamilyListController.h */ = {isa = PBXFileReference; lastKnownFileType = sourcecode.c.h; path = RinoDemoFamilyListController.h; sourceTree = "<group>"; };
		BF3AA3362B2999E80033E33E /* RinoDemoFamilyListController.m */ = {isa = PBXFileReference; lastKnownFileType = sourcecode.c.objc; path = RinoDemoFamilyListController.m; sourceTree = "<group>"; };
		BF3AA33B2B29AD880033E33E /* RinoDemoDeviceListController.h */ = {isa = PBXFileReference; lastKnownFileType = sourcecode.c.h; path = RinoDemoDeviceListController.h; sourceTree = "<group>"; };
		BF3AA33C2B29AD880033E33E /* RinoDemoDeviceListController.m */ = {isa = PBXFileReference; lastKnownFileType = sourcecode.c.objc; path = RinoDemoDeviceListController.m; sourceTree = "<group>"; };
		BF3AABAC2B29B9C90033E33E /* RinoDemoSceneListController.h */ = {isa = PBXFileReference; lastKnownFileType = sourcecode.c.h; path = RinoDemoSceneListController.h; sourceTree = "<group>"; };
		BF3AABAD2B29B9C90033E33E /* RinoDemoSceneListController.m */ = {isa = PBXFileReference; lastKnownFileType = sourcecode.c.objc; path = RinoDemoSceneListController.m; sourceTree = "<group>"; };
		BFA523652B28924B00427128 /* RinoHomeTestViewController.h */ = {isa = PBXFileReference; lastKnownFileType = sourcecode.c.h; path = RinoHomeTestViewController.h; sourceTree = "<group>"; };
		BFA523662B28924B00427128 /* RinoHomeTestViewController.m */ = {isa = PBXFileReference; lastKnownFileType = sourcecode.c.objc; path = RinoHomeTestViewController.m; sourceTree = "<group>"; };
		BFCD12EE2B28042800EA7839 /* RinoDemoLoginController.h */ = {isa = PBXFileReference; lastKnownFileType = sourcecode.c.h; path = RinoDemoLoginController.h; sourceTree = "<group>"; };
		BFCD12EF2B28042800EA7839 /* RinoDemoLoginController.m */ = {isa = PBXFileReference; lastKnownFileType = sourcecode.c.objc; path = RinoDemoLoginController.m; sourceTree = "<group>"; };
		D2959029E2DEE29F3F6CB67A /* Pods-Rino.release.xcconfig */ = {isa = PBXFileReference; includeInIndex = 1; lastKnownFileType = text.xcconfig; name = "Pods-Rino.release.xcconfig"; path = "Target Support Files/Pods-Rino/Pods-Rino.release.xcconfig"; sourceTree = "<group>"; };
		E6D5D4E545C403C4828D0C92 /* Pods-Rino.debug.xcconfig */ = {isa = PBXFileReference; includeInIndex = 1; lastKnownFileType = text.xcconfig; name = "Pods-Rino.debug.xcconfig"; path = "Target Support Files/Pods-Rino/Pods-Rino.debug.xcconfig"; sourceTree = "<group>"; };
/* End PBXFileReference section */

/* Begin PBXFrameworksBuildPhase section */
		632AEB7428AA3F05006E66A0 /* Frameworks */ = {
			isa = PBXFrameworksBuildPhase;
			buildActionMask = 2147483647;
			files = (
				95CA1D912DB891A900D05C4D /* CoreAudioKit.framework in Frameworks */,
				95CA1D8F2DB891A000D05C4D /* CoreAudio.framework in Frameworks */,
				63FF2FA72A4E7EAE00719594 /* hermes.xcframework in Frameworks */,
				633355AA2A6E5C7600659B61 /* MatterSupport.framework in Frameworks */,
				63B04E3A29BF2AD500C84732 /* MetricKit.framework in Frameworks */,
				6377AF1528C870D70043B5E0 /* SystemConfiguration.framework in Frameworks */,
				63D98EE32934A87700A91F41 /* UIKit.framework in Frameworks */,
				6377AF1B28C8710B0043B5E0 /* libc++.tbd in Frameworks */,
				633355A82A6E5C7000659B61 /* Matter.framework in Frameworks */,
				63D98EDF2934A86600A91F41 /* CoreGraphics.framework in Frameworks */,
				63D98EE52934A87F00A91F41 /* Foundation.framework in Frameworks */,
				6377AF1728C870DD0043B5E0 /* Security.framework in Frameworks */,
				63158F712A24A2FD00C2501E /* Network.framework in Frameworks */,
				6377AF1A28C871000043B5E0 /* libz.tbd in Frameworks */,
				0A916ED37C5D31BCE3FCB446 /* Pods_Rino.framework in Frameworks */,
				63D766DF2A8C7D1E0033CB3F /* NetworkExtension.framework in Frameworks */,
			);
			runOnlyForDeploymentPostprocessing = 0;
		};
/* End PBXFrameworksBuildPhase section */

/* Begin PBXGroup section */
		02421E8D084D72229A85DC03 /* Pods */ = {
			isa = PBXGroup;
			children = (
				E6D5D4E545C403C4828D0C92 /* Pods-Rino.debug.xcconfig */,
				D2959029E2DEE29F3F6CB67A /* Pods-Rino.release.xcconfig */,
				4FEE9EDD4AC5B59FE8331ED9 /* Pods-RinoMatterExtension.debug.xcconfig */,
				005FB2402117904A333D39FD /* Pods-RinoMatterExtension.release.xcconfig */,
			);
			path = Pods;
			sourceTree = "<group>";
		};
		1EAB332D608864B3C82F2738 /* Frameworks */ = {
			isa = PBXGroup;
			children = (
				95CA1D902DB891A900D05C4D /* CoreAudioKit.framework */,
				95CA1D8E2DB891A000D05C4D /* CoreAudio.framework */,
				63D766DE2A8C7D1D0033CB3F /* NetworkExtension.framework */,
				633355A92A6E5C7500659B61 /* MatterSupport.framework */,
				633355A72A6E5C7000659B61 /* Matter.framework */,
				63162C7B2A68D59800E0E6E0 /* CarPlay.framework */,
				638E07F72A4E7AE90045A51F /* hermes.xcframework */,
				63158F702A24A2FD00C2501E /* Network.framework */,
				63B04E3929BF2AD500C84732 /* MetricKit.framework */,
				63D98EE42934A87F00A91F41 /* Foundation.framework */,
				63D98EE22934A87700A91F41 /* UIKit.framework */,
				63D98EE02934A86C00A91F41 /* SafariServices.framework */,
				63D98EDE2934A86600A91F41 /* CoreGraphics.framework */,
				6377AF1928C870F60043B5E0 /* libc++.tbd */,
				6377AF1828C870ED0043B5E0 /* libz.tbd */,
				6377AF1628C870DD0043B5E0 /* Security.framework */,
				6377AF1428C870D70043B5E0 /* SystemConfiguration.framework */,
				3F1EF4B10D705DFD8DFDA57C /* Pods_Rino.framework */,
				501E8325B4C033A3F54DB486 /* Pods_RinoMatterExtension.framework */,
			);
			name = Frameworks;
			sourceTree = "<group>";
		};
		632AEB6E28AA3F05006E66A0 = {
			isa = PBXGroup;
			children = (
				632AEB7928AA3F05006E66A0 /* Rino */,
				632AEB7828AA3F05006E66A0 /* Products */,
				02421E8D084D72229A85DC03 /* Pods */,
				1EAB332D608864B3C82F2738 /* Frameworks */,
			);
			sourceTree = "<group>";
		};
		632AEB7828AA3F05006E66A0 /* Products */ = {
			isa = PBXGroup;
			children = (
				632AEB7728AA3F05006E66A0 /* Rino.app */,
			);
			name = Products;
			sourceTree = "<group>";
		};
		632AEB7928AA3F05006E66A0 /* Rino */ = {
			isa = PBXGroup;
			children = (
				63281E0A2A9884FB00FE44D2 /* Rino.entitlements */,
				BFCD12ED2B2803F600EA7839 /* Class */,
				6378A2DA2A85E8B600CFD6ED /* Resource */,
				6378A2DB2A85E8BF00CFD6ED /* RinoBusiness */,
				63C3FC7028CF0328006F2258 /* Support Files */,
			);
			path = Rino;
			sourceTree = "<group>";
		};
		6378A2DA2A85E8B600CFD6ED /* Resource */ = {
			isa = PBXGroup;
			children = (
				6378A2DC2A85E8EA00CFD6ED /* RinoPairPanel.zip */,
				952E78702C6D9FC10061C67F /* RinoOperationPanel.zip */,
			);
			path = Resource;
			sourceTree = "<group>";
		};
		6378A2DB2A85E8BF00CFD6ED /* RinoBusiness */ = {
			isa = PBXGroup;
			children = (
				63C33C902A331AE90065D2EA /* rino_custom_config.json */,
				636B58472A5D3CF3007151FE /* rino_oem_config.json */,
			);
			path = RinoBusiness;
			sourceTree = "<group>";
		};
		63C3FC7028CF0328006F2258 /* Support Files */ = {
			isa = PBXGroup;
			children = (
				632AEB7A28AA3F05006E66A0 /* AppDelegate.h */,
				632AEB7B28AA3F05006E66A0 /* AppDelegate.m */,
				632AEB8628AA3F07006E66A0 /* Assets.xcassets */,
				632AEB8B28AA3F07006E66A0 /* Info.plist */,
				63B07EBD2906979D002D4B2A /* InfoPlist.strings */,
				63854A772A611B5F00829CF7 /* launchImage@2x.png */,
				63854A762A611B5F00829CF7 /* launchImage@3x.png */,
				632AEB8828AA3F07006E66A0 /* LaunchScreen.storyboard */,
				63B07EBA29069794002D4B2A /* Localizable.strings */,
				632AEB8C28AA3F07006E66A0 /* main.m */,
				632AEB8328AA3F05006E66A0 /* Main.storyboard */,
				632AEBAC28AB38D2006E66A0 /* PrefixHeader.pch */,
				6307ACA9293D8A8A00EDA965 /* Rino-Bridging-Header.h */,
				632AEBA728AB38C1006E66A0 /* UtilsMacros.h */,
			);
			path = "Support Files";
			sourceTree = "<group>";
		};
		BFCD12ED2B2803F600EA7839 /* Class */ = {
			isa = PBXGroup;
			children = (
				BFCD12EE2B28042800EA7839 /* RinoDemoLoginController.h */,
				BFCD12EF2B28042800EA7839 /* RinoDemoLoginController.m */,
				BF3AA3322B2957530033E33E /* RinoDemoRegisterController.h */,
				BF3AA3332B2957530033E33E /* RinoDemoRegisterController.m */,
				BF3AA32F2B2957250033E33E /* RinoDemoCountryListController.h */,
				BF3AA3302B2957250033E33E /* RinoDemoCountryListController.m */,
				BFA523652B28924B00427128 /* RinoHomeTestViewController.h */,
				BFA523662B28924B00427128 /* RinoHomeTestViewController.m */,
				BF3AA3352B2999E80033E33E /* RinoDemoFamilyListController.h */,
				BF3AA3362B2999E80033E33E /* RinoDemoFamilyListController.m */,
				BF3AA33B2B29AD880033E33E /* RinoDemoDeviceListController.h */,
				BF3AA33C2B29AD880033E33E /* RinoDemoDeviceListController.m */,
				BF3AABAC2B29B9C90033E33E /* RinoDemoSceneListController.h */,
				BF3AABAD2B29B9C90033E33E /* RinoDemoSceneListController.m */,
				95BFD8A52C00737D00D3EA29 /* RinoDeviceIpcViewController.h */,
				95BFD8A62C00737D00D3EA29 /* RinoDeviceIpcViewController.m */,
				95BFD8A82C00739000D3EA29 /* RinoDeviceIpcMutiViewController.h */,
				95BFD8A92C00739000D3EA29 /* RinoDeviceIpcMutiViewController.m */,
				95BBCCA52DBE196A00354BA0 /* RinoLaunchMenuProtocolManager.h */,
				95BBCCA62DBE196A00354BA0 /* RinoLaunchMenuProtocolManager.m */,
				95F28AB62DE4068200E418FB /* RinoAMRPlayer.h */,
				95F28AB72DE4068200E418FB /* RinoAMRPlayer.m */,
			);
			path = Class;
			sourceTree = "<group>";
		};
/* End PBXGroup section */

/* Begin PBXNativeTarget section */
		632AEB7628AA3F05006E66A0 /* Rino */ = {
			isa = PBXNativeTarget;
			buildConfigurationList = 632AEB9028AA3F07006E66A0 /* Build configuration list for PBXNativeTarget "Rino" */;
			buildPhases = (
				7E13E5F0C2EE21A750F9044B /* [CP] Check Pods Manifest.lock */,
				632AEB7328AA3F05006E66A0 /* Sources */,
				632AEB7428AA3F05006E66A0 /* Frameworks */,
				632AEB7528AA3F05006E66A0 /* Resources */,
				761E885FFAF99CCAF9309CF7 /* [CP] Copy Pods Resources */,
				C575683AEFE080AA8C226927 /* [CP] Embed Pods Frameworks */,
				63C65FED2B0F025200189B04 /* Embed Foundation Extensions */,
			);
			buildRules = (
			);
			dependencies = (
			);
			name = Rino;
			productName = Rino;
			productReference = 632AEB7728AA3F05006E66A0 /* Rino.app */;
			productType = "com.apple.product-type.application";
		};
/* End PBXNativeTarget section */

/* Begin PBXProject section */
		632AEB6F28AA3F05006E66A0 /* Project object */ = {
			isa = PBXProject;
			attributes = {
				BuildIndependentTargetsInParallel = 1;
				CLASSPREFIX = Rino;
				LastSwiftUpdateCheck = 1500;
				LastUpgradeCheck = 1320;
				TargetAttributes = {
					632AEB7628AA3F05006E66A0 = {
						CreatedOnToolsVersion = 13.2.1;
						LastSwiftMigration = 1320;
					};
				};
			};
			buildConfigurationList = 632AEB7228AA3F05006E66A0 /* Build configuration list for PBXProject "Rino" */;
			compatibilityVersion = "Xcode 13.0";
			developmentRegion = en;
			hasScannedForEncodings = 0;
			knownRegions = (
				en,
				Base,
				"zh-Hans",
			);
			mainGroup = 632AEB6E28AA3F05006E66A0;
			productRefGroup = 632AEB7828AA3F05006E66A0 /* Products */;
			projectDirPath = "";
			projectRoot = "";
			targets = (
				632AEB7628AA3F05006E66A0 /* Rino */,
			);
		};
/* End PBXProject section */

/* Begin PBXResourcesBuildPhase section */
		632AEB7528AA3F05006E66A0 /* Resources */ = {
			isa = PBXResourcesBuildPhase;
			buildActionMask = 2147483647;
			files = (
				632AEB8A28AA3F07006E66A0 /* LaunchScreen.storyboard in Resources */,
				63854A792A611B5F00829CF7 /* launchImage@2x.png in Resources */,
				63C33C912A331AE90065D2EA /* rino_custom_config.json in Resources */,
				632AEB8728AA3F07006E66A0 /* Assets.xcassets in Resources */,
				6378A2DD2A85E8EA00CFD6ED /* RinoPairPanel.zip in Resources */,
				63B07EBB2906979D002D4B2A /* InfoPlist.strings in Resources */,
				636B58482A5D3CF3007151FE /* rino_oem_config.json in Resources */,
				952E78712C6D9FC20061C67F /* RinoOperationPanel.zip in Resources */,
				632AEB8528AA3F05006E66A0 /* Main.storyboard in Resources */,
				63854A782A611B5F00829CF7 /* launchImage@3x.png in Resources */,
				63B07EB829069794002D4B2A /* Localizable.strings in Resources */,
			);
			runOnlyForDeploymentPostprocessing = 0;
		};
/* End PBXResourcesBuildPhase section */

/* Begin PBXShellScriptBuildPhase section */
		761E885FFAF99CCAF9309CF7 /* [CP] Copy Pods Resources */ = {
			isa = PBXShellScriptBuildPhase;
			buildActionMask = 2147483647;
			files = (
			);
			inputFileListPaths = (
			);
			name = "[CP] Copy Pods Resources";
			outputFileListPaths = (
			);
			runOnlyForDeploymentPostprocessing = 0;
			shellPath = /bin/sh;
			shellScript = "\"${PODS_ROOT}/Target Support Files/Pods-Rino/Pods-Rino-resources.sh\"\n";
			showEnvVarsInLog = 0;
		};
		7E13E5F0C2EE21A750F9044B /* [CP] Check Pods Manifest.lock */ = {
			isa = PBXShellScriptBuildPhase;
			buildActionMask = 2147483647;
			files = (
			);
			inputFileListPaths = (
			);
			inputPaths = (
				"${PODS_PODFILE_DIR_PATH}/Podfile.lock",
				"${PODS_ROOT}/Manifest.lock",
			);
			name = "[CP] Check Pods Manifest.lock";
			outputFileListPaths = (
			);
			outputPaths = (
				"$(DERIVED_FILE_DIR)/Pods-Rino-checkManifestLockResult.txt",
			);
			runOnlyForDeploymentPostprocessing = 0;
			shellPath = /bin/sh;
			shellScript = "diff \"${PODS_PODFILE_DIR_PATH}/Podfile.lock\" \"${PODS_ROOT}/Manifest.lock\" > /dev/null\nif [ $? != 0 ] ; then\n    # print error to STDERR\n    echo \"error: The sandbox is not in sync with the Podfile.lock. Run 'pod install' or update your CocoaPods installation.\" >&2\n    exit 1\nfi\n# This output is used by Xcode 'outputs' to avoid re-running this script phase.\necho \"SUCCESS\" > \"${SCRIPT_OUTPUT_FILE_0}\"\n";
			showEnvVarsInLog = 0;
		};
		C575683AEFE080AA8C226927 /* [CP] Embed Pods Frameworks */ = {
			isa = PBXShellScriptBuildPhase;
			buildActionMask = 2147483647;
			files = (
			);
			inputFileListPaths = (
			);
			name = "[CP] Embed Pods Frameworks";
			outputFileListPaths = (
			);
			runOnlyForDeploymentPostprocessing = 0;
			shellPath = /bin/sh;
			shellScript = "\"${PODS_ROOT}/Target Support Files/Pods-Rino/Pods-Rino-frameworks.sh\"\n";
			showEnvVarsInLog = 0;
		};
/* End PBXShellScriptBuildPhase section */

/* Begin PBXSourcesBuildPhase section */
		632AEB7328AA3F05006E66A0 /* Sources */ = {
			isa = PBXSourcesBuildPhase;
			buildActionMask = 2147483647;
			files = (
				BF3AA3342B2957530033E33E /* RinoDemoRegisterController.m in Sources */,
				632AEB7C28AA3F05006E66A0 /* AppDelegate.m in Sources */,
				BF3AA3312B2957250033E33E /* RinoDemoCountryListController.m in Sources */,
				95BBCCA72DBE196A00354BA0 /* RinoLaunchMenuProtocolManager.m in Sources */,
				BFA523672B28924C00427128 /* RinoHomeTestViewController.m in Sources */,
				95BFD8A72C00737D00D3EA29 /* RinoDeviceIpcViewController.m in Sources */,
				95F28AB82DE4068200E418FB /* RinoAMRPlayer.m in Sources */,
				BFCD12F02B28042800EA7839 /* RinoDemoLoginController.m in Sources */,
				632AEB8D28AA3F07006E66A0 /* main.m in Sources */,
				BF3AA3372B2999E80033E33E /* RinoDemoFamilyListController.m in Sources */,
				95BFD8AA2C00739000D3EA29 /* RinoDeviceIpcMutiViewController.m in Sources */,
				BF3AA33D2B29AD880033E33E /* RinoDemoDeviceListController.m in Sources */,
				BF3AABAE2B29B9C90033E33E /* RinoDemoSceneListController.m in Sources */,
			);
			runOnlyForDeploymentPostprocessing = 0;
		};
/* End PBXSourcesBuildPhase section */

/* Begin PBXVariantGroup section */
		632AEB8328AA3F05006E66A0 /* Main.storyboard */ = {
			isa = PBXVariantGroup;
			children = (
				632AEB8428AA3F05006E66A0 /* Base */,
			);
			name = Main.storyboard;
			sourceTree = "<group>";
		};
		632AEB8828AA3F07006E66A0 /* LaunchScreen.storyboard */ = {
			isa = PBXVariantGroup;
			children = (
				632AEB8928AA3F07006E66A0 /* Base */,
			);
			name = LaunchScreen.storyboard;
			sourceTree = "<group>";
		};
		63B07EBA29069794002D4B2A /* Localizable.strings */ = {
			isa = PBXVariantGroup;
			children = (
				63B07EB929069794002D4B2A /* en */,
				63B07EBE290697B1002D4B2A /* zh-Hans */,
			);
			name = Localizable.strings;
			sourceTree = "<group>";
		};
		63B07EBD2906979D002D4B2A /* InfoPlist.strings */ = {
			isa = PBXVariantGroup;
			children = (
				63B07EBC2906979D002D4B2A /* en */,
				63B07EBF290697B1002D4B2A /* zh-Hans */,
			);
			name = InfoPlist.strings;
			sourceTree = "<group>";
		};
/* End PBXVariantGroup section */

/* Begin XCBuildConfiguration section */
		632AEB8E28AA3F07006E66A0 /* Debug */ = {
			isa = XCBuildConfiguration;
			buildSettings = {
				ALWAYS_SEARCH_USER_PATHS = NO;
				CLANG_ANALYZER_LOCALIZABILITY_NONLOCALIZED = YES;
				CLANG_ANALYZER_NONNULL = YES;
				CLANG_ANALYZER_NUMBER_OBJECT_CONVERSION = YES_AGGRESSIVE;
				CLANG_CXX_LANGUAGE_STANDARD = "c++17";
				CLANG_CXX_LIBRARY = "libc++";
				CLANG_ENABLE_MODULES = YES;
				CLANG_ENABLE_OBJC_ARC = YES;
				CLANG_ENABLE_OBJC_WEAK = YES;
				CLANG_WARN_BLOCK_CAPTURE_AUTORELEASING = YES;
				CLANG_WARN_BOOL_CONVERSION = YES;
				CLANG_WARN_COMMA = YES;
				CLANG_WARN_CONSTANT_CONVERSION = YES;
				CLANG_WARN_DEPRECATED_OBJC_IMPLEMENTATIONS = YES;
				CLANG_WARN_DIRECT_OBJC_ISA_USAGE = YES_ERROR;
				CLANG_WARN_DOCUMENTATION_COMMENTS = YES;
				CLANG_WARN_EMPTY_BODY = YES;
				CLANG_WARN_ENUM_CONVERSION = YES;
				CLANG_WARN_INFINITE_RECURSION = YES;
				CLANG_WARN_INT_CONVERSION = YES;
				CLANG_WARN_NON_LITERAL_NULL_CONVERSION = YES;
				CLANG_WARN_OBJC_IMPLICIT_RETAIN_SELF = YES;
				CLANG_WARN_OBJC_LITERAL_CONVERSION = YES;
				CLANG_WARN_OBJC_ROOT_CLASS = YES_ERROR;
				CLANG_WARN_QUOTED_INCLUDE_IN_FRAMEWORK_HEADER = YES;
				CLANG_WARN_RANGE_LOOP_ANALYSIS = YES;
				CLANG_WARN_STRICT_PROTOTYPES = YES;
				CLANG_WARN_SUSPICIOUS_MOVE = YES;
				CLANG_WARN_UNGUARDED_AVAILABILITY = YES_AGGRESSIVE;
				CLANG_WARN_UNREACHABLE_CODE = YES;
				CLANG_WARN__DUPLICATE_METHOD_MATCH = YES;
				COPY_PHASE_STRIP = NO;
				DEBUG_INFORMATION_FORMAT = dwarf;
				ENABLE_STRICT_OBJC_MSGSEND = YES;
				ENABLE_TESTABILITY = YES;
				"EXCLUDED_ARCHS[sdk=iphonesimulator*]" = i386;
				GCC_C_LANGUAGE_STANDARD = gnu11;
				GCC_DYNAMIC_NO_PIC = NO;
				GCC_NO_COMMON_BLOCKS = YES;
				GCC_OPTIMIZATION_LEVEL = 0;
				GCC_PREPROCESSOR_DEFINITIONS = (
					"DEBUG=1",
					"$(inherited)",
				);
				GCC_WARN_64_TO_32_BIT_CONVERSION = YES;
				GCC_WARN_ABOUT_RETURN_TYPE = YES_ERROR;
				GCC_WARN_UNDECLARED_SELECTOR = YES;
				GCC_WARN_UNINITIALIZED_AUTOS = YES_AGGRESSIVE;
				GCC_WARN_UNUSED_FUNCTION = YES;
				GCC_WARN_UNUSED_VARIABLE = YES;
				IPHONEOS_DEPLOYMENT_TARGET = 13.0;
				MTL_ENABLE_DEBUG_INFO = INCLUDE_SOURCE;
				MTL_FAST_MATH = YES;
				ONLY_ACTIVE_ARCH = YES;
				REACT_NATIVE_PATH = "${PODS_ROOT}/../../node_modules/react-native";
				SDKROOT = iphoneos;
			};
			name = Debug;
		};
		632AEB8F28AA3F07006E66A0 /* Release */ = {
			isa = XCBuildConfiguration;
			buildSettings = {
				ALWAYS_SEARCH_USER_PATHS = NO;
				CLANG_ANALYZER_LOCALIZABILITY_NONLOCALIZED = YES;
				CLANG_ANALYZER_NONNULL = YES;
				CLANG_ANALYZER_NUMBER_OBJECT_CONVERSION = YES_AGGRESSIVE;
				CLANG_CXX_LANGUAGE_STANDARD = "c++17";
				CLANG_CXX_LIBRARY = "libc++";
				CLANG_ENABLE_MODULES = YES;
				CLANG_ENABLE_OBJC_ARC = YES;
				CLANG_ENABLE_OBJC_WEAK = YES;
				CLANG_WARN_BLOCK_CAPTURE_AUTORELEASING = YES;
				CLANG_WARN_BOOL_CONVERSION = YES;
				CLANG_WARN_COMMA = YES;
				CLANG_WARN_CONSTANT_CONVERSION = YES;
				CLANG_WARN_DEPRECATED_OBJC_IMPLEMENTATIONS = YES;
				CLANG_WARN_DIRECT_OBJC_ISA_USAGE = YES_ERROR;
				CLANG_WARN_DOCUMENTATION_COMMENTS = YES;
				CLANG_WARN_EMPTY_BODY = YES;
				CLANG_WARN_ENUM_CONVERSION = YES;
				CLANG_WARN_INFINITE_RECURSION = YES;
				CLANG_WARN_INT_CONVERSION = YES;
				CLANG_WARN_NON_LITERAL_NULL_CONVERSION = YES;
				CLANG_WARN_OBJC_IMPLICIT_RETAIN_SELF = YES;
				CLANG_WARN_OBJC_LITERAL_CONVERSION = YES;
				CLANG_WARN_OBJC_ROOT_CLASS = YES_ERROR;
				CLANG_WARN_QUOTED_INCLUDE_IN_FRAMEWORK_HEADER = YES;
				CLANG_WARN_RANGE_LOOP_ANALYSIS = YES;
				CLANG_WARN_STRICT_PROTOTYPES = YES;
				CLANG_WARN_SUSPICIOUS_MOVE = YES;
				CLANG_WARN_UNGUARDED_AVAILABILITY = YES_AGGRESSIVE;
				CLANG_WARN_UNREACHABLE_CODE = YES;
				CLANG_WARN__DUPLICATE_METHOD_MATCH = YES;
				COPY_PHASE_STRIP = NO;
				DEBUG_INFORMATION_FORMAT = "dwarf-with-dsym";
				ENABLE_NS_ASSERTIONS = NO;
				ENABLE_STRICT_OBJC_MSGSEND = YES;
				"EXCLUDED_ARCHS[sdk=iphonesimulator*]" = i386;
				GCC_C_LANGUAGE_STANDARD = gnu11;
				GCC_NO_COMMON_BLOCKS = YES;
				GCC_WARN_64_TO_32_BIT_CONVERSION = YES;
				GCC_WARN_ABOUT_RETURN_TYPE = YES_ERROR;
				GCC_WARN_UNDECLARED_SELECTOR = YES;
				GCC_WARN_UNINITIALIZED_AUTOS = YES_AGGRESSIVE;
				GCC_WARN_UNUSED_FUNCTION = YES;
				GCC_WARN_UNUSED_VARIABLE = YES;
				IPHONEOS_DEPLOYMENT_TARGET = 13.0;
				MTL_ENABLE_DEBUG_INFO = NO;
				MTL_FAST_MATH = YES;
				REACT_NATIVE_PATH = "${PODS_ROOT}/../../node_modules/react-native";
				SDKROOT = iphoneos;
				VALIDATE_PRODUCT = YES;
			};
			name = Release;
		};
		632AEB9128AA3F07006E66A0 /* Debug */ = {
			isa = XCBuildConfiguration;
			baseConfigurationReference = E6D5D4E545C403C4828D0C92 /* Pods-Rino.debug.xcconfig */;
			buildSettings = {
				ASSETCATALOG_COMPILER_APPICON_NAME = AppIcon;
				ASSETCATALOG_COMPILER_GLOBAL_ACCENT_COLOR_NAME = AccentColor;
				CLANG_ENABLE_MODULES = YES;
				CODE_SIGN_ALLOW_ENTITLEMENTS_MODIFICATION = YES;
				CODE_SIGN_ENTITLEMENTS = Rino/Rino.entitlements;
				CODE_SIGN_IDENTITY = "Apple Development";
				CODE_SIGN_STYLE = Automatic;
				CURRENT_PROJECT_VERSION = 1;
				DEVELOPMENT_TEAM = 229W95KJAN;
				ENABLE_BITCODE = NO;
				FRAMEWORK_SEARCH_PATHS = "$(inherited)";
				GCC_PREFIX_HEADER = "$(SRCROOT)/Rino/Support Files/PrefixHeader.pch";
				GENERATE_INFOPLIST_FILE = YES;
				HEADER_SEARCH_PATHS = "$(inherited)";
				INFOPLIST_FILE = "Rino/Support Files/Info.plist";
				INFOPLIST_KEY_CFBundleDisplayName = "Rino Smart";
				INFOPLIST_KEY_LSSupportsOpeningDocumentsInPlace = NO;
				INFOPLIST_KEY_NFCReaderUsageDescription = "The app can use NFC to quickly operate the device";
				INFOPLIST_KEY_NSBluetoothAlwaysUsageDescription = "This will allow the app to find and connect Bluetooth accessories. This app may also use Bluetooth to locate Bluetooth device.";
				INFOPLIST_KEY_NSBluetoothPeripheralUsageDescription = "To add or use Bluetooth devices, enable Bluetooth on your mobile phone.";
				INFOPLIST_KEY_NSCameraUsageDescription = "The App can use camera to take new profile and to scan QR Code.";
				INFOPLIST_KEY_NSLocalNetworkUsageDescription = "";
				INFOPLIST_KEY_NSLocationAlwaysAndWhenInUseUsageDescription = "The app can provide temperature and humidity according to your location.";
				INFOPLIST_KEY_NSLocationAlwaysUsageDescription = "The app can provide temperature and humidity according to your location.";
				INFOPLIST_KEY_NSLocationUsageDescription = "The app can provide temperature and humidity according to your location.";
				INFOPLIST_KEY_NSLocationWhenInUseUsageDescription = "The app can provide temperature and humidity according to your location.";
				INFOPLIST_KEY_NSMicrophoneUsageDescription = "The app requests microphone access to control smart devices.";
				INFOPLIST_KEY_NSPhotoLibraryAddUsageDescription = "We need your authorization to save pictures and videos in albums.";
				INFOPLIST_KEY_NSPhotoLibraryUsageDescription = "The app requests access to your albums for profile photo uploading.";
				INFOPLIST_KEY_UIApplicationSupportsIndirectInputEvents = YES;
				INFOPLIST_KEY_UILaunchStoryboardName = LaunchScreen.storyboard;
				INFOPLIST_KEY_UIStatusBarStyle = UIStatusBarStyleDarkContent;
				INFOPLIST_KEY_UISupportedInterfaceOrientations = UIInterfaceOrientationPortrait;
				INFOPLIST_KEY_UISupportedInterfaceOrientations_iPad = "UIInterfaceOrientationLandscapeLeft UIInterfaceOrientationLandscapeRight UIInterfaceOrientationPortrait UIInterfaceOrientationPortraitUpsideDown";
				INFOPLIST_KEY_UIUserInterfaceStyle = Light;
				IPHONEOS_DEPLOYMENT_TARGET = 13.0;
				LD_RUNPATH_SEARCH_PATHS = (
					"$(inherited)",
					"@executable_path/Frameworks",
				);
				LIBRARY_SEARCH_PATHS = (
					"$(SDKROOT)/usr/lib/swift",
					"$(inherited)",
				);
				MARKETING_VERSION = 1.3.3;
				OTHER_CFLAGS = "-DLINUX";
				OTHER_LDFLAGS = "$(inherited)";
				PRODUCT_BUNDLE_IDENTIFIER = com.smart.rinoiot.demo;
				PRODUCT_NAME = "$(TARGET_NAME)";
				PROVISIONING_PROFILE_SPECIFIER = "";
				SWIFT_EMIT_LOC_STRINGS = YES;
				SWIFT_OBJC_BRIDGING_HEADER = "Rino/Support Files/Rino-Bridging-Header.h";
				SWIFT_OPTIMIZATION_LEVEL = "-Onone";
				SWIFT_VERSION = 5.0;
				TARGETED_DEVICE_FAMILY = 1;
			};
			name = Debug;
		};
		632AEB9228AA3F07006E66A0 /* Release */ = {
			isa = XCBuildConfiguration;
			baseConfigurationReference = D2959029E2DEE29F3F6CB67A /* Pods-Rino.release.xcconfig */;
			buildSettings = {
				ASSETCATALOG_COMPILER_APPICON_NAME = AppIcon;
				ASSETCATALOG_COMPILER_GLOBAL_ACCENT_COLOR_NAME = AccentColor;
				CLANG_ENABLE_MODULES = YES;
				CODE_SIGN_ALLOW_ENTITLEMENTS_MODIFICATION = YES;
				CODE_SIGN_ENTITLEMENTS = Rino/Rino.entitlements;
				CODE_SIGN_IDENTITY = "Apple Development";
				CODE_SIGN_STYLE = Automatic;
				CURRENT_PROJECT_VERSION = 1;
				DEVELOPMENT_TEAM = 229W95KJAN;
				ENABLE_BITCODE = NO;
				FRAMEWORK_SEARCH_PATHS = "$(inherited)";
				GCC_PREFIX_HEADER = "$(SRCROOT)/Rino/Support Files/PrefixHeader.pch";
				GENERATE_INFOPLIST_FILE = YES;
				HEADER_SEARCH_PATHS = "$(inherited)";
				INFOPLIST_FILE = "Rino/Support Files/Info.plist";
				INFOPLIST_KEY_CFBundleDisplayName = "Rino Smart";
				INFOPLIST_KEY_LSSupportsOpeningDocumentsInPlace = NO;
				INFOPLIST_KEY_NFCReaderUsageDescription = "The app can use NFC to quickly operate the device";
				INFOPLIST_KEY_NSBluetoothAlwaysUsageDescription = "This will allow the app to find and connect Bluetooth accessories. This app may also use Bluetooth to locate Bluetooth device.";
				INFOPLIST_KEY_NSBluetoothPeripheralUsageDescription = "To add or use Bluetooth devices, enable Bluetooth on your mobile phone.";
				INFOPLIST_KEY_NSCameraUsageDescription = "The App can use camera to take new profile and to scan QR Code.";
				INFOPLIST_KEY_NSLocalNetworkUsageDescription = "";
				INFOPLIST_KEY_NSLocationAlwaysAndWhenInUseUsageDescription = "The app can provide temperature and humidity according to your location.";
				INFOPLIST_KEY_NSLocationAlwaysUsageDescription = "The app can provide temperature and humidity according to your location.";
				INFOPLIST_KEY_NSLocationUsageDescription = "The app can provide temperature and humidity according to your location.";
				INFOPLIST_KEY_NSLocationWhenInUseUsageDescription = "The app can provide temperature and humidity according to your location.";
				INFOPLIST_KEY_NSMicrophoneUsageDescription = "The app requests microphone access to control smart devices.";
				INFOPLIST_KEY_NSPhotoLibraryAddUsageDescription = "We need your authorization to save pictures and videos in albums.";
				INFOPLIST_KEY_NSPhotoLibraryUsageDescription = "The app requests access to your albums for profile photo uploading.";
				INFOPLIST_KEY_UIApplicationSupportsIndirectInputEvents = YES;
				INFOPLIST_KEY_UILaunchStoryboardName = LaunchScreen.storyboard;
				INFOPLIST_KEY_UIStatusBarStyle = UIStatusBarStyleDarkContent;
				INFOPLIST_KEY_UISupportedInterfaceOrientations = UIInterfaceOrientationPortrait;
				INFOPLIST_KEY_UISupportedInterfaceOrientations_iPad = "UIInterfaceOrientationLandscapeLeft UIInterfaceOrientationLandscapeRight UIInterfaceOrientationPortrait UIInterfaceOrientationPortraitUpsideDown";
				INFOPLIST_KEY_UIUserInterfaceStyle = Light;
				IPHONEOS_DEPLOYMENT_TARGET = 13.0;
				LD_RUNPATH_SEARCH_PATHS = (
					"$(inherited)",
					"@executable_path/Frameworks",
				);
				LIBRARY_SEARCH_PATHS = (
					"$(SDKROOT)/usr/lib/swift",
					"$(inherited)",
				);
				MARKETING_VERSION = 1.3.3;
				OTHER_CFLAGS = "-DLINUX";
				OTHER_LDFLAGS = "$(inherited)";
				PRODUCT_BUNDLE_IDENTIFIER = com.smart.rinoiot.demo;
				PRODUCT_NAME = "$(TARGET_NAME)";
				PROVISIONING_PROFILE_SPECIFIER = "";
				SWIFT_EMIT_LOC_STRINGS = YES;
				SWIFT_OBJC_BRIDGING_HEADER = "Rino/Support Files/Rino-Bridging-Header.h";
				SWIFT_VERSION = 5.0;
				TARGETED_DEVICE_FAMILY = 1;
			};
			name = Release;
		};
/* End XCBuildConfiguration section */

/* Begin XCConfigurationList section */
		632AEB7228AA3F05006E66A0 /* Build configuration list for PBXProject "Rino" */ = {
			isa = XCConfigurationList;
			buildConfigurations = (
				632AEB8E28AA3F07006E66A0 /* Debug */,
				632AEB8F28AA3F07006E66A0 /* Release */,
			);
			defaultConfigurationIsVisible = 0;
			defaultConfigurationName = Release;
		};
		632AEB9028AA3F07006E66A0 /* Build configuration list for PBXNativeTarget "Rino" */ = {
			isa = XCConfigurationList;
			buildConfigurations = (
				632AEB9128AA3F07006E66A0 /* Debug */,
				632AEB9228AA3F07006E66A0 /* Release */,
			);
			defaultConfigurationIsVisible = 0;
			defaultConfigurationName = Release;
		};
/* End XCConfigurationList section */
	};
	rootObject = 632AEB6F28AA3F05006E66A0 /* Project object */;
}
